{
  "requires": true,
  "lockfileVersion": 1,
  "dependencies": {
    "@babel/runtime": {
      "version": "7.15.4",
      "resolved": "https://registry.nlark.com/@babel/runtime/download/@babel/runtime-7.15.4.tgz?cache=0&sync_timestamp=1630632569347&other_urls=https%3A%2F%2Fregistry.nlark.com%2F%40babel%2Fruntime%2Fdownload%2F%40babel%2Fruntime-7.15.4.tgz",
      "integrity": "sha1-/RfRa/34eObdAtGXU6OfqKjZyEo=",
      "requires": {
        "regenerator-runtime": "^0.13.4"
      }
    },
    "@babel/runtime-corejs3": {
      "version": "7.15.4",
      "resolved": "https://registry.nlark.com/@babel/runtime-corejs3/download/@babel/runtime-corejs3-7.15.4.tgz",
      "integrity": "sha1-QDE5ryYrmm6Pm6BKb9zr+N5pK/E=",
      "requires": {
        "core-js-pure": "^3.16.0",
        "regenerator-runtime": "^0.13.4"
      }
    },
    "core-js-pure": {
      "version": "3.18.1",
      "resolved": "https://registry.npmmirror.com/core-js-pure/download/core-js-pure-3.18.1.tgz",
      "integrity": "sha1-CX000kSEvkXOpwCkSNHnRiJkbIA="
    },
    "regenerator-runtime": {
      "version": "0.13.9",
      "resolved": "https://registry.nlark.com/regenerator-runtime/download/regenerator-runtime-0.13.9.tgz?cache=0&sync_timestamp=1626994846308&other_urls=https%3A%2F%2Fregistry.nlark.com%2Fregenerator-runtime%2Fdownload%2Fregenerator-runtime-0.13.9.tgz",
      "integrity": "sha1-iSV0Kpj/2QgUmI11Zq0wyjsmO1I="
    },
    "tslib": {
      "version": "2.3.1",
      "resolved": "https://registry.nlark.com/tslib/download/tslib-2.3.1.tgz",
      "integrity": "sha1-6KM1rdXOrlGqJh0ypJAVjvBC7wE="
    },
    "wangeditor": {
      "version": "4.7.8",
      "resolved": "https://registry.nlark.com/wangeditor/download/wangeditor-4.7.8.tgz",
      "integrity": "sha1-rVba2PnP1g0nps1DQfeyX0vGzJE=",
      "requires": {
        "@babel/runtime": "^7.11.2",
        "@babel/runtime-corejs3": "^7.11.2",
        "tslib": "^2.1.0"
      }
    }
  }
}
